
Microsoft Visual Studio Solution File, Format Version 12.00
# Visual Studio Version 16
VisualStudioVersion = 16.0.32901.82
MinimumVisualStudioVersion = 10.0.40219.1
Project("{FAE04EC0-301F-11D3-BF4B-00C04F79EFBC}") = "ProductsApp", "ProductsApp\ProductsApp.csproj", "{7240308D-440D-4343-8430-0D666B7EE205}"
EndProject
Global
	GlobalSection(SolutionConfigurationPlatforms) = preSolution
		Debug|Any CPU = Debug|Any CPU
		Release|Any CPU = Release|Any CPU
	EndGlobalSection
	GlobalSection(ProjectConfigurationPlatforms) = postSolution
		{7240308D-440D-4343-8430-0D666B7EE205}.Debug|Any CPU.ActiveCfg = Debug|Any CPU
		{7240308D-440D-4343-8430-0D666B7EE205}.Debug|Any CPU.Build.0 = Debug|Any CPU
		{7240308D-440D-4343-8430-0D666B7EE205}.Release|Any CPU.ActiveCfg = Release|Any CPU
		{7240308D-440D-4343-8430-0D666B7EE205}.Release|Any CPU.Build.0 = Release|Any CPU
	EndGlobalSection
	GlobalSection(SolutionProperties) = preSolution
		HideSolutionNode = FALSE
	EndGlobalSection
	GlobalSection(ExtensibilityGlobals) = postSolution
		SolutionGuid = {13DFF21F-6156-4127-A3B1-2818D4BC606F}
	EndGlobalSection
EndGlobal
